// !$*UTF8*$!
{
	archiveVersion = 1;
	classes = {
	};
	objectVersion = 46;
	objects = {

/* Begin PBXBuildFile section */
		2BBE655B17A75521003494F4 /* NSDictionary+MultiKeys.m in Sources */ = {isa = PBXBuildFile; fileRef = 2BBE655A17A75521003494F4 /* NSDictionary+MultiKeys.m */; };
		2BBE655C17A75657003494F4 /* Hello.m in Sources */ = {isa = PBXBuildFile; fileRef = 2BCF5CC917A1FAD40024F64A /* Hello.m */; };
		2BBE655D17A75657003494F4 /* Moo.m in Sources */ = {isa = PBXBuildFile; fileRef = 2BCF5CCB17A1FAD40024F64A /* Moo.m */; };
		2BCF5CA617A1FA9A0024F64A /* UIKit.framework in Frameworks */ = {isa = PBXBuildFile; fileRef = 2BCF5CA517A1FA9A0024F64A /* UIKit.framework */; };
		2BCF5CA817A1FA9A0024F64A /* Foundation.framework in Frameworks */ = {isa = PBXBuildFile; fileRef = 2BCF5CA717A1FA9A0024F64A /* Foundation.framework */; };
		2BCF5CAA17A1FA9A0024F64A /* CoreGraphics.framework in Frameworks */ = {isa = PBXBuildFile; fileRef = 2BCF5CA917A1FA9A0024F64A /* CoreGraphics.framework */; };
		2BCF5CB017A1FA9A0024F64A /* InfoPlist.strings in Resources */ = {isa = PBXBuildFile; fileRef = 2BCF5CAE17A1FA9A0024F64A /* InfoPlist.strings */; };
		2BCF5CB217A1FA9A0024F64A /* main.m in Sources */ = {isa = PBXBuildFile; fileRef = 2BCF5CB117A1FA9A0024F64A /* main.m */; };
		2BCF5CB617A1FA9A0024F64A /* JOAppDelegate.m in Sources */ = {isa = PBXBuildFile; fileRef = 2BCF5CB517A1FA9A0024F64A /* JOAppDelegate.m */; };
		2BCF5CB817A1FA9A0024F64A /* Default.png in Resources */ = {isa = PBXBuildFile; fileRef = 2BCF5CB717A1FA9A0024F64A /* Default.png */; };
		2BCF5CBA17A1FA9A0024F64A /* Default@2x.png in Resources */ = {isa = PBXBuildFile; fileRef = 2BCF5CB917A1FA9A0024F64A /* Default@2x.png */; };
		2BCF5CBC17A1FA9A0024F64A /* Default-568h@2x.png in Resources */ = {isa = PBXBuildFile; fileRef = 2BCF5CBB17A1FA9A0024F64A /* Default-568h@2x.png */; };
		2BCF5CCD17A1FAD40024F64A /* Hello.h in Resources */ = {isa = PBXBuildFile; fileRef = 2BCF5CC817A1FAD40024F64A /* Hello.h */; };
		2BCF5CCE17A1FAD40024F64A /* Hello.m in Resources */ = {isa = PBXBuildFile; fileRef = 2BCF5CC917A1FAD40024F64A /* Hello.m */; };
		2BCF5CCF17A1FAD40024F64A /* Moo.h in Resources */ = {isa = PBXBuildFile; fileRef = 2BCF5CCA17A1FAD40024F64A /* Moo.h */; };
		2BCF5CD017A1FAD40024F64A /* Moo.m in Resources */ = {isa = PBXBuildFile; fileRef = 2BCF5CCB17A1FAD40024F64A /* Moo.m */; };
/* End PBXBuildFile section */

/* Begin PBXFileReference section */
		2BBE655817A75521003494F4 /* AHDefine.h */ = {isa = PBXFileReference; fileEncoding = 4; lastKnownFileType = sourcecode.c.h; path = AHDefine.h; sourceTree = "<group>"; };
		2BBE655917A75521003494F4 /* NSDictionary+MultiKeys.h */ = {isa = PBXFileReference; fileEncoding = 4; lastKnownFileType = sourcecode.c.h; path = "NSDictionary+MultiKeys.h"; sourceTree = "<group>"; };
		2BBE655A17A75521003494F4 /* NSDictionary+MultiKeys.m */ = {isa = PBXFileReference; fileEncoding = 4; lastKnownFileType = sourcecode.c.objc; path = "NSDictionary+MultiKeys.m"; sourceTree = "<group>"; };
		2BCF5CA217A1FA9A0024F64A /* JOParserARCTest.app */ = {isa = PBXFileReference; explicitFileType = wrapper.application; includeInIndex = 0; path = JOParserARCTest.app; sourceTree = BUILT_PRODUCTS_DIR; };
		2BCF5CA517A1FA9A0024F64A /* UIKit.framework */ = {isa = PBXFileReference; lastKnownFileType = wrapper.framework; name = UIKit.framework; path = System/Library/Frameworks/UIKit.framework; sourceTree = SDKROOT; };
		2BCF5CA717A1FA9A0024F64A /* Foundation.framework */ = {isa = PBXFileReference; lastKnownFileType = wrapper.framework; name = Foundation.framework; path = System/Library/Frameworks/Foundation.framework; sourceTree = SDKROOT; };
		2BCF5CA917A1FA9A0024F64A /* CoreGraphics.framework */ = {isa = PBXFileReference; lastKnownFileType = wrapper.framework; name = CoreGraphics.framework; path = System/Library/Frameworks/CoreGraphics.framework; sourceTree = SDKROOT; };
		2BCF5CAD17A1FA9A0024F64A /* JOParserARCTest-Info.plist */ = {isa = PBXFileReference; lastKnownFileType = text.plist.xml; path = "JOParserARCTest-Info.plist"; sourceTree = "<group>"; };
		2BCF5CAF17A1FA9A0024F64A /* en */ = {isa = PBXFileReference; lastKnownFileType = text.plist.strings; name = en; path = en.lproj/InfoPlist.strings; sourceTree = "<group>"; };
		2BCF5CB117A1FA9A0024F64A /* main.m */ = {isa = PBXFileReference; lastKnownFileType = sourcecode.c.objc; path = main.m; sourceTree = "<group>"; };
		2BCF5CB317A1FA9A0024F64A /* JOParserARCTest-Prefix.pch */ = {isa = PBXFileReference; lastKnownFileType = sourcecode.c.h; path = "JOParserARCTest-Prefix.pch"; sourceTree = "<group>"; };
		2BCF5CB417A1FA9A0024F64A /* JOAppDelegate.h */ = {isa = PBXFileReference; lastKnownFileType = sourcecode.c.h; path = JOAppDelegate.h; sourceTree = "<group>"; };
		2BCF5CB517A1FA9A0024F64A /* JOAppDelegate.m */ = {isa = PBXFileReference; lastKnownFileType = sourcecode.c.objc; path = JOAppDelegate.m; sourceTree = "<group>"; };
		2BCF5CB717A1FA9A0024F64A /* Default.png */ = {isa = PBXFileReference; lastKnownFileType = image.png; path = Default.png; sourceTree = "<group>"; };
		2BCF5CB917A1FA9A0024F64A /* Default@2x.png */ = {isa = PBXFileReference; lastKnownFileType = image.png; path = "Default@2x.png"; sourceTree = "<group>"; };
		2BCF5CBB17A1FA9A0024F64A /* Default-568h@2x.png */ = {isa = PBXFileReference; lastKnownFileType = image.png; path = "Default-568h@2x.png"; sourceTree = "<group>"; };
		2BCF5CC817A1FAD40024F64A /* Hello.h */ = {isa = PBXFileReference; lastKnownFileType = sourcecode.c.h; path = Hello.h; sourceTree = "<group>"; };
		2BCF5CC917A1FAD40024F64A /* Hello.m */ = {isa = PBXFileReference; lastKnownFileType = sourcecode.c.objc; path = Hello.m; sourceTree = "<group>"; };
		2BCF5CCA17A1FAD40024F64A /* Moo.h */ = {isa = PBXFileReference; lastKnownFileType = sourcecode.c.h; path = Moo.h; sourceTree = "<group>"; };
		2BCF5CCB17A1FAD40024F64A /* Moo.m */ = {isa = PBXFileReference; lastKnownFileType = sourcecode.c.objc; path = Moo.m; sourceTree = "<group>"; };
/* End PBXFileReference section */

/* Begin PBXFrameworksBuildPhase section */
		2BCF5C9F17A1FA990024F64A /* Frameworks */ = {
			isa = PBXFrameworksBuildPhase;
			buildActionMask = 2147483647;
			files = (
				2BCF5CA617A1FA9A0024F64A /* UIKit.framework in Frameworks */,
				2BCF5CA817A1FA9A0024F64A /* Foundation.framework in Frameworks */,
				2BCF5CAA17A1FA9A0024F64A /* CoreGraphics.framework in Frameworks */,
			);
			runOnlyForDeploymentPostprocessing = 0;
		};
/* End PBXFrameworksBuildPhase section */

/* Begin PBXGroup section */
		2BBE655717A75521003494F4 /* support */ = {
			isa = PBXGroup;
			children = (
				2BBE655817A75521003494F4 /* AHDefine.h */,
				2BBE655917A75521003494F4 /* NSDictionary+MultiKeys.h */,
				2BBE655A17A75521003494F4 /* NSDictionary+MultiKeys.m */,
			);
			path = support;
			sourceTree = "<group>";
		};
		2BCF5C9917A1FA990024F64A = {
			isa = PBXGroup;
			children = (
				2BCF5CAB17A1FA9A0024F64A /* JOParserARCTest */,
				2BCF5CA417A1FA9A0024F64A /* Frameworks */,
				2BCF5CA317A1FA9A0024F64A /* Products */,
			);
			sourceTree = "<group>";
		};
		2BCF5CA317A1FA9A0024F64A /* Products */ = {
			isa = PBXGroup;
			children = (
				2BCF5CA217A1FA9A0024F64A /* JOParserARCTest.app */,
			);
			name = Products;
			sourceTree = "<group>";
		};
		2BCF5CA417A1FA9A0024F64A /* Frameworks */ = {
			isa = PBXGroup;
			children = (
				2BCF5CA517A1FA9A0024F64A /* UIKit.framework */,
				2BCF5CA717A1FA9A0024F64A /* Foundation.framework */,
				2BCF5CA917A1FA9A0024F64A /* CoreGraphics.framework */,
			);
			name = Frameworks;
			sourceTree = "<group>";
		};
		2BCF5CAB17A1FA9A0024F64A /* JOParserARCTest */ = {
			isa = PBXGroup;
			children = (
				2BCF5CCC17A1FAD40024F64A /* output */,
				2BCF5CB417A1FA9A0024F64A /* JOAppDelegate.h */,
				2BCF5CB517A1FA9A0024F64A /* JOAppDelegate.m */,
				2BCF5CAC17A1FA9A0024F64A /* Supporting Files */,
			);
			path = JOParserARCTest;
			sourceTree = "<group>";
		};
		2BCF5CAC17A1FA9A0024F64A /* Supporting Files */ = {
			isa = PBXGroup;
			children = (
				2BCF5CAD17A1FA9A0024F64A /* JOParserARCTest-Info.plist */,
				2BCF5CAE17A1FA9A0024F64A /* InfoPlist.strings */,
				2BCF5CB117A1FA9A0024F64A /* main.m */,
				2BCF5CB317A1FA9A0024F64A /* JOParserARCTest-Prefix.pch */,
				2BCF5CB717A1FA9A0024F64A /* Default.png */,
				2BCF5CB917A1FA9A0024F64A /* Default@2x.png */,
				2BCF5CBB17A1FA9A0024F64A /* Default-568h@2x.png */,
			);
			name = "Supporting Files";
			sourceTree = "<group>";
		};
		2BCF5CCC17A1FAD40024F64A /* output */ = {
			isa = PBXGroup;
			children = (
				2BBE655717A75521003494F4 /* support */,
				2BCF5CC817A1FAD40024F64A /* Hello.h */,
				2BCF5CC917A1FAD40024F64A /* Hello.m */,
				2BCF5CCA17A1FAD40024F64A /* Moo.h */,
				2BCF5CCB17A1FAD40024F64A /* Moo.m */,
			);
			name = output;
			path = "/Users/wesley/Desktop/work/workspace/request-model/JOParser/JOParser/test/../../../../../../output";
			sourceTree = "<absolute>";
		};
/* End PBXGroup section */

/* Begin PBXNativeTarget section */
		2BCF5CA117A1FA990024F64A /* JOParserARCTest */ = {
			isa = PBXNativeTarget;
			buildConfigurationList = 2BCF5CBF17A1FA9A0024F64A /* Build configuration list for PBXNativeTarget "JOParserARCTest" */;
			buildPhases = (
				2BCF5C9E17A1FA990024F64A /* Sources */,
				2BCF5C9F17A1FA990024F64A /* Frameworks */,
				2BCF5CA017A1FA990024F64A /* Resources */,
			);
			buildRules = (
			);
			dependencies = (
			);
			name = JOParserARCTest;
			productName = JOParserARCTest;
			productReference = 2BCF5CA217A1FA9A0024F64A /* JOParserARCTest.app */;
			productType = "com.apple.product-type.application";
		};
/* End PBXNativeTarget section */

/* Begin PBXProject section */
		2BCF5C9A17A1FA990024F64A /* Project object */ = {
			isa = PBXProject;
			attributes = {
				CLASSPREFIX = JO;
				LastUpgradeCheck = 0460;
				ORGANIZATIONNAME = wesley.yang;
			};
			buildConfigurationList = 2BCF5C9D17A1FA990024F64A /* Build configuration list for PBXProject "JOParserARCTest" */;
			compatibilityVersion = "Xcode 3.2";
			developmentRegion = English;
			hasScannedForEncodings = 0;
			knownRegions = (
				en,
			);
			mainGroup = 2BCF5C9917A1FA990024F64A;
			productRefGroup = 2BCF5CA317A1FA9A0024F64A /* Products */;
			projectDirPath = "";
			projectRoot = "";
			targets = (
				2BCF5CA117A1FA990024F64A /* JOParserARCTest */,
			);
		};
/* End PBXProject section */

/* Begin PBXResourcesBuildPhase section */
		2BCF5CA017A1FA990024F64A /* Resources */ = {
			isa = PBXResourcesBuildPhase;
			buildActionMask = 2147483647;
			files = (
				2BCF5CB017A1FA9A0024F64A /* InfoPlist.strings in Resources */,
				2BCF5CB817A1FA9A0024F64A /* Default.png in Resources */,
				2BCF5CBA17A1FA9A0024F64A /* Default@2x.png in Resources */,
				2BCF5CBC17A1FA9A0024F64A /* Default-568h@2x.png in Resources */,
				2BCF5CCD17A1FAD40024F64A /* Hello.h in Resources */,
				2BCF5CCE17A1FAD40024F64A /* Hello.m in Resources */,
				2BCF5CCF17A1FAD40024F64A /* Moo.h in Resources */,
				2BCF5CD017A1FAD40024F64A /* Moo.m in Resources */,
			);
			runOnlyForDeploymentPostprocessing = 0;
		};
/* End PBXResourcesBuildPhase section */

/* Begin PBXSourcesBuildPhase section */
		2BCF5C9E17A1FA990024F64A /* Sources */ = {
			isa = PBXSourcesBuildPhase;
			buildActionMask = 2147483647;
			files = (
				2BBE655C17A75657003494F4 /* Hello.m in Sources */,
				2BBE655D17A75657003494F4 /* Moo.m in Sources */,
				2BCF5CB217A1FA9A0024F64A /* main.m in Sources */,
				2BCF5CB617A1FA9A0024F64A /* JOAppDelegate.m in Sources */,
				2BBE655B17A75521003494F4 /* NSDictionary+MultiKeys.m in Sources */,
			);
			runOnlyForDeploymentPostprocessing = 0;
		};
/* End PBXSourcesBuildPhase section */

/* Begin PBXVariantGroup section */
		2BCF5CAE17A1FA9A0024F64A /* InfoPlist.strings */ = {
			isa = PBXVariantGroup;
			children = (
				2BCF5CAF17A1FA9A0024F64A /* en */,
			);
			name = InfoPlist.strings;
			sourceTree = "<group>";
		};
/* End PBXVariantGroup section */

/* Begin XCBuildConfiguration section */
		2BCF5CBD17A1FA9A0024F64A /* Debug */ = {
			isa = XCBuildConfiguration;
			buildSettings = {
				ALWAYS_SEARCH_USER_PATHS = NO;
				CLANG_CXX_LANGUAGE_STANDARD = "gnu++0x";
				CLANG_CXX_LIBRARY = "libc++";
				CLANG_ENABLE_OBJC_ARC = YES;
				CLANG_WARN_CONSTANT_CONVERSION = YES;
				CLANG_WARN_EMPTY_BODY = YES;
				CLANG_WARN_ENUM_CONVERSION = YES;
				CLANG_WARN_INT_CONVERSION = YES;
				CLANG_WARN__DUPLICATE_METHOD_MATCH = YES;
				"CODE_SIGN_IDENTITY[sdk=iphoneos*]" = "iPhone Developer";
				COPY_PHASE_STRIP = NO;
				GCC_C_LANGUAGE_STANDARD = gnu99;
				GCC_DYNAMIC_NO_PIC = NO;
				GCC_OPTIMIZATION_LEVEL = 0;
				GCC_PREPROCESSOR_DEFINITIONS = (
					"DEBUG=1",
					"$(inherited)",
				);
				GCC_SYMBOLS_PRIVATE_EXTERN = NO;
				GCC_WARN_ABOUT_RETURN_TYPE = YES;
				GCC_WARN_UNINITIALIZED_AUTOS = YES;
				GCC_WARN_UNUSED_VARIABLE = YES;
				IPHONEOS_DEPLOYMENT_TARGET = 6.1;
				ONLY_ACTIVE_ARCH = YES;
				SDKROOT = iphoneos;
				TARGETED_DEVICE_FAMILY = "1,2";
			};
			name = Debug;
		};
		2BCF5CBE17A1FA9A0024F64A /* Release */ = {
			isa = XCBuildConfiguration;
			buildSettings = {
				ALWAYS_SEARCH_USER_PATHS = NO;
				CLANG_CXX_LANGUAGE_STANDARD = "gnu++0x";
				CLANG_CXX_LIBRARY = "libc++";
				CLANG_ENABLE_OBJC_ARC = YES;
				CLANG_WARN_CONSTANT_CONVERSION = YES;
				CLANG_WARN_EMPTY_BODY = YES;
				CLANG_WARN_ENUM_CONVERSION = YES;
				CLANG_WARN_INT_CONVERSION = YES;
				CLANG_WARN__DUPLICATE_METHOD_MATCH = YES;
				"CODE_SIGN_IDENTITY[sdk=iphoneos*]" = "iPhone Developer";
				COPY_PHASE_STRIP = YES;
				GCC_C_LANGUAGE_STANDARD = gnu99;
				GCC_WARN_ABOUT_RETURN_TYPE = YES;
				GCC_WARN_UNINITIALIZED_AUTOS = YES;
				GCC_WARN_UNUSED_VARIABLE = YES;
				IPHONEOS_DEPLOYMENT_TARGET = 6.1;
				OTHER_CFLAGS = "-DNS_BLOCK_ASSERTIONS=1";
				SDKROOT = iphoneos;
				TARGETED_DEVICE_FAMILY = "1,2";
				VALIDATE_PRODUCT = YES;
			};
			name = Release;
		};
		2BCF5CC017A1FA9A0024F64A /* Debug */ = {
			isa = XCBuildConfiguration;
			buildSettings = {
				GCC_PRECOMPILE_PREFIX_HEADER = YES;
				GCC_PREFIX_HEADER = "JOParserARCTest/JOParserARCTest-Prefix.pch";
				INFOPLIST_FILE = "JOParserARCTest/JOParserARCTest-Info.plist";
				PRODUCT_NAME = "$(TARGET_NAME)";
				WRAPPER_EXTENSION = app;
			};
			name = Debug;
		};
		2BCF5CC117A1FA9A0024F64A /* Release */ = {
			isa = XCBuildConfiguration;
			buildSettings = {
				GCC_PRECOMPILE_PREFIX_HEADER = YES;
				GCC_PREFIX_HEADER = "JOParserARCTest/JOParserARCTest-Prefix.pch";
				INFOPLIST_FILE = "JOParserARCTest/JOParserARCTest-Info.plist";
				PRODUCT_NAME = "$(TARGET_NAME)";
				WRAPPER_EXTENSION = app;
			};
			name = Release;
		};
/* End XCBuildConfiguration section */

/* Begin XCConfigurationList section */
		2BCF5C9D17A1FA990024F64A /* Build configuration list for PBXProject "JOParserARCTest" */ = {
			isa = XCConfigurationList;
			buildConfigurations = (
				2BCF5CBD17A1FA9A0024F64A /* Debug */,
				2BCF5CBE17A1FA9A0024F64A /* Release */,
			);
			defaultConfigurationIsVisible = 0;
			defaultConfigurationName = Release;
		};
		2BCF5CBF17A1FA9A0024F64A /* Build configuration list for PBXNativeTarget "JOParserARCTest" */ = {
			isa = XCConfigurationList;
			buildConfigurations = (
				2BCF5CC017A1FA9A0024F64A /* Debug */,
				2BCF5CC117A1FA9A0024F64A /* Release */,
			);
			defaultConfigurationIsVisible = 0;
			defaultConfigurationName = Release;
		};
/* End XCConfigurationList section */
	};
	rootObject = 2BCF5C9A17A1FA990024F64A /* Project object */;
}
